// !$*UTF8*$!
{
	archiveVersion = 1;
	classes = {
	};
	objectVersion = 50;
	objects = {

/* Begin PBXBuildFile section */
		7124B62F27664CF6008A2C0D /* AppDelegate.swift in Sources */ = {isa = PBXBuildFile; fileRef = 7124B62E27664CF6008A2C0D /* AppDelegate.swift */; };
		7124B63127664CF6008A2C0D /* SceneDelegate.swift in Sources */ = {isa = PBXBuildFile; fileRef = 7124B63027664CF6008A2C0D /* SceneDelegate.swift */; };
		7124B63327664CF6008A2C0D /* ViewController.swift in Sources */ = {isa = PBXBuildFile; fileRef = 7124B63227664CF6008A2C0D /* ViewController.swift */; };
		7124B63627664CF6008A2C0D /* Main.storyboard in Resources */ = {isa = PBXBuildFile; fileRef = 7124B63427664CF6008A2C0D /* Main.storyboard */; };
		7124B63827664CF7008A2C0D /* Assets.xcassets in Resources */ = {isa = PBXBuildFile; fileRef = 7124B63727664CF7008A2C0D /* Assets.xcassets */; };
		7124B63B27664CF7008A2C0D /* LaunchScreen.storyboard in Resources */ = {isa = PBXBuildFile; fileRef = 7124B63927664CF7008A2C0D /* LaunchScreen.storyboard */; };
		7124B64427665375008A2C0D /* ApplianceDetailsViewController.swift in Sources */ = {isa = PBXBuildFile; fileRef = 7124B64327665375008A2C0D /* ApplianceDetailsViewController.swift */; };
		7124B64727665393008A2C0D /* UserDetailsViewController.swift in Sources */ = {isa = PBXBuildFile; fileRef = 7124B64627665393008A2C0D /* UserDetailsViewController.swift */; };
		7124B64A276653A9008A2C0D /* OrderDetailsViewController.swift in Sources */ = {isa = PBXBuildFile; fileRef = 7124B649276653A9008A2C0D /* OrderDetailsViewController.swift */; };
		7124B64D2766560A008A2C0D /* Extensions.swift in Sources */ = {isa = PBXBuildFile; fileRef = 7124B64C2766560A008A2C0D /* Extensions.swift */; };
/* End PBXBuildFile section */

/* Begin PBXFileReference section */
		7124B62B27664CF6008A2C0D /* Isadora-Santos_COMP2125_FinalTerm_Ex-01.app */ = {isa = PBXFileReference; explicitFileType = wrapper.application; includeInIndex = 0; path = "Isadora-Santos_COMP2125_FinalTerm_Ex-01.app"; sourceTree = BUILT_PRODUCTS_DIR; };
		7124B62E27664CF6008A2C0D /* AppDelegate.swift */ = {isa = PBXFileReference; lastKnownFileType = sourcecode.swift; path = AppDelegate.swift; sourceTree = "<group>"; };
		7124B63027664CF6008A2C0D /* SceneDelegate.swift */ = {isa = PBXFileReference; lastKnownFileType = sourcecode.swift; path = SceneDelegate.swift; sourceTree = "<group>"; };
		7124B63227664CF6008A2C0D /* ViewController.swift */ = {isa = PBXFileReference; lastKnownFileType = sourcecode.swift; path = ViewController.swift; sourceTree = "<group>"; };
		7124B63527664CF6008A2C0D /* Base */ = {isa = PBXFileReference; lastKnownFileType = file.storyboard; name = Base; path = Base.lproj/Main.storyboard; sourceTree = "<group>"; };
		7124B63727664CF7008A2C0D /* Assets.xcassets */ = {isa = PBXFileReference; lastKnownFileType = folder.assetcatalog; path = Assets.xcassets; sourceTree = "<group>"; };
		7124B63A27664CF7008A2C0D /* Base */ = {isa = PBXFileReference; lastKnownFileType = file.storyboard; name = Base; path = Base.lproj/LaunchScreen.storyboard; sourceTree = "<group>"; };
		7124B63C27664CF7008A2C0D /* Info.plist */ = {isa = PBXFileReference; lastKnownFileType = text.plist.xml; path = Info.plist; sourceTree = "<group>"; };
		7124B64327665375008A2C0D /* ApplianceDetailsViewController.swift */ = {isa = PBXFileReference; lastKnownFileType = sourcecode.swift; path = ApplianceDetailsViewController.swift; sourceTree = "<group>"; };
		7124B64627665393008A2C0D /* UserDetailsViewController.swift */ = {isa = PBXFileReference; lastKnownFileType = sourcecode.swift; path = UserDetailsViewController.swift; sourceTree = "<group>"; };
		7124B649276653A9008A2C0D /* OrderDetailsViewController.swift */ = {isa = PBXFileReference; lastKnownFileType = sourcecode.swift; path = OrderDetailsViewController.swift; sourceTree = "<group>"; };
		7124B64C2766560A008A2C0D /* Extensions.swift */ = {isa = PBXFileReference; lastKnownFileType = sourcecode.swift; path = Extensions.swift; sourceTree = "<group>"; };
/* End PBXFileReference section */

/* Begin PBXFrameworksBuildPhase section */
		7124B62827664CF6008A2C0D /* Frameworks */ = {
			isa = PBXFrameworksBuildPhase;
			buildActionMask = 2147483647;
			files = (
			);
			runOnlyForDeploymentPostprocessing = 0;
		};
/* End PBXFrameworksBuildPhase section */

/* Begin PBXGroup section */
		7124B62227664CF6008A2C0D = {
			isa = PBXGroup;
			children = (
				7124B62D27664CF6008A2C0D /* Isadora-Santos_COMP2125_FinalTerm_Ex-01 */,
				7124B62C27664CF6008A2C0D /* Products */,
			);
			sourceTree = "<group>";
		};
		7124B62C27664CF6008A2C0D /* Products */ = {
			isa = PBXGroup;
			children = (
				7124B62B27664CF6008A2C0D /* Isadora-Santos_COMP2125_FinalTerm_Ex-01.app */,
			);
			name = Products;
			sourceTree = "<group>";
		};
		7124B62D27664CF6008A2C0D /* Isadora-Santos_COMP2125_FinalTerm_Ex-01 */ = {
			isa = PBXGroup;
			children = (
				7124B62E27664CF6008A2C0D /* AppDelegate.swift */,
				7124B63027664CF6008A2C0D /* SceneDelegate.swift */,
				7124B63227664CF6008A2C0D /* ViewController.swift */,
				7124B63427664CF6008A2C0D /* Main.storyboard */,
				7124B63727664CF7008A2C0D /* Assets.xcassets */,
				7124B63927664CF7008A2C0D /* LaunchScreen.storyboard */,
				7124B63C27664CF7008A2C0D /* Info.plist */,
				7124B64327665375008A2C0D /* ApplianceDetailsViewController.swift */,
				7124B64627665393008A2C0D /* UserDetailsViewController.swift */,
				7124B649276653A9008A2C0D /* OrderDetailsViewController.swift */,
				7124B64C2766560A008A2C0D /* Extensions.swift */,
			);
			path = "Isadora-Santos_COMP2125_FinalTerm_Ex-01";
			sourceTree = "<group>";
		};
/* End PBXGroup section */

/* Begin PBXNativeTarget section */
		7124B62A27664CF6008A2C0D /* Isadora-Santos_COMP2125_FinalTerm_Ex-01 */ = {
			isa = PBXNativeTarget;
			buildConfigurationList = 7124B63F27664CF7008A2C0D /* Build configuration list for PBXNativeTarget "Isadora-Santos_COMP2125_FinalTerm_Ex-01" */;
			buildPhases = (
				7124B62727664CF6008A2C0D /* Sources */,
				7124B62827664CF6008A2C0D /* Frameworks */,
				7124B62927664CF6008A2C0D /* Resources */,
			);
			buildRules = (
			);
			dependencies = (
			);
			name = "Isadora-Santos_COMP2125_FinalTerm_Ex-01";
			productName = "Isadora-Santos_COMP2125_FinalTerm_Ex-01";
			productReference = 7124B62B27664CF6008A2C0D /* Isadora-Santos_COMP2125_FinalTerm_Ex-01.app */;
			productType = "com.apple.product-type.application";
		};
/* End PBXNativeTarget section */

/* Begin PBXProject section */
		7124B62327664CF6008A2C0D /* Project object */ = {
			isa = PBXProject;
			attributes = {
				LastSwiftUpdateCheck = 1240;
				LastUpgradeCheck = 1240;
				TargetAttributes = {
					7124B62A27664CF6008A2C0D = {
						CreatedOnToolsVersion = 12.4;
					};
				};
			};
			buildConfigurationList = 7124B62627664CF6008A2C0D /* Build configuration list for PBXProject "Isadora-Santos_COMP2125_FinalTerm_Ex-01" */;
			compatibilityVersion = "Xcode 9.3";
			developmentRegion = en;
			hasScannedForEncodings = 0;
			knownRegions = (
				en,
				Base,
			);
			mainGroup = 7124B62227664CF6008A2C0D;
			productRefGroup = 7124B62C27664CF6008A2C0D /* Products */;
			projectDirPath = "";
			projectRoot = "";
			targets = (
				7124B62A27664CF6008A2C0D /* Isadora-Santos_COMP2125_FinalTerm_Ex-01 */,
			);
		};
/* End PBXProject section */

/* Begin PBXResourcesBuildPhase section */
		7124B62927664CF6008A2C0D /* Resources */ = {
			isa = PBXResourcesBuildPhase;
			buildActionMask = 2147483647;
			files = (
				7124B63B27664CF7008A2C0D /* LaunchScreen.storyboard in Resources */,
				7124B63827664CF7008A2C0D /* Assets.xcassets in Resources */,
				7124B63627664CF6008A2C0D /* Main.storyboard in Resources */,
			);
			runOnlyForDeploymentPostprocessing = 0;
		};
/* End PBXResourcesBuildPhase section */

/* Begin PBXSourcesBuildPhase section */
		7124B62727664CF6008A2C0D /* Sources */ = {
			isa = PBXSourcesBuildPhase;
			buildActionMask = 2147483647;
			files = (
				7124B64727665393008A2C0D /* UserDetailsViewController.swift in Sources */,
				7124B63327664CF6008A2C0D /* ViewController.swift in Sources */,
				7124B64A276653A9008A2C0D /* OrderDetailsViewController.swift in Sources */,
				7124B64427665375008A2C0D /* ApplianceDetailsViewController.swift in Sources */,
				7124B62F27664CF6008A2C0D /* AppDelegate.swift in Sources */,
				7124B63127664CF6008A2C0D /* SceneDelegate.swift in Sources */,
				7124B64D2766560A008A2C0D /* Extensions.swift in Sources */,
			);
			runOnlyForDeploymentPostprocessing = 0;
		};
/* End PBXSourcesBuildPhase section */

/* Begin PBXVariantGroup section */
		7124B63427664CF6008A2C0D /* Main.storyboard */ = {
			isa = PBXVariantGroup;
			children = (
				7124B63527664CF6008A2C0D /* Base */,
			);
			name = Main.storyboard;
			sourceTree = "<group>";
		};
		7124B63927664CF7008A2C0D /* LaunchScreen.storyboard */ = {
			isa = PBXVariantGroup;
			children = (
				7124B63A27664CF7008A2C0D /* Base */,
			);
			name = LaunchScreen.storyboard;
			sourceTree = "<group>";
		};
/* End PBXVariantGroup section */

/* Begin XCBuildConfiguration section */
		7124B63D27664CF7008A2C0D /* Debug */ = {
			isa = XCBuildConfiguration;
			buildSettings = {
				ALWAYS_SEARCH_USER_PATHS = NO;
				CLANG_ANALYZER_NONNULL = YES;
				CLANG_ANALYZER_NUMBER_OBJECT_CONVERSION = YES_AGGRESSIVE;
				CLANG_CXX_LANGUAGE_STANDARD = "gnu++14";
				CLANG_CXX_LIBRARY = "libc++";
				CLANG_ENABLE_MODULES = YES;
				CLANG_ENABLE_OBJC_ARC = YES;
				CLANG_ENABLE_OBJC_WEAK = YES;
				CLANG_WARN_BLOCK_CAPTURE_AUTORELEASING = YES;
				CLANG_WARN_BOOL_CONVERSION = YES;
				CLANG_WARN_COMMA = YES;
				CLANG_WARN_CONSTANT_CONVERSION = YES;
				CLANG_WARN_DEPRECATED_OBJC_IMPLEMENTATIONS = YES;
				CLANG_WARN_DIRECT_OBJC_ISA_USAGE = YES_ERROR;
				CLANG_WARN_DOCUMENTATION_COMMENTS = YES;
				CLANG_WARN_EMPTY_BODY = YES;
				CLANG_WARN_ENUM_CONVERSION = YES;
				CLANG_WARN_INFINITE_RECURSION = YES;
				CLANG_WARN_INT_CONVERSION = YES;
				CLANG_WARN_NON_LITERAL_NULL_CONVERSION = YES;
				CLANG_WARN_OBJC_IMPLICIT_RETAIN_SELF = YES;
				CLANG_WARN_OBJC_LITERAL_CONVERSION = YES;
				CLANG_WARN_OBJC_ROOT_CLASS = YES_ERROR;
				CLANG_WARN_QUOTED_INCLUDE_IN_FRAMEWORK_HEADER = YES;
				CLANG_WARN_RANGE_LOOP_ANALYSIS = YES;
				CLANG_WARN_STRICT_PROTOTYPES = YES;
				CLANG_WARN_SUSPICIOUS_MOVE = YES;
				CLANG_WARN_UNGUARDED_AVAILABILITY = YES_AGGRESSIVE;
				CLANG_WARN_UNREACHABLE_CODE = YES;
				CLANG_WARN__DUPLICATE_METHOD_MATCH = YES;
				COPY_PHASE_STRIP = NO;
				DEBUG_INFORMATION_FORMAT = dwarf;
				ENABLE_STRICT_OBJC_MSGSEND = YES;
				ENABLE_TESTABILITY = YES;
				GCC_C_LANGUAGE_STANDARD = gnu11;
				GCC_DYNAMIC_NO_PIC = NO;
				GCC_NO_COMMON_BLOCKS = YES;
				GCC_OPTIMIZATION_LEVEL = 0;
				GCC_PREPROCESSOR_DEFINITIONS = (
					"DEBUG=1",
					"$(inherited)",
				);
				GCC_WARN_64_TO_32_BIT_CONVERSION = YES;
				GCC_WARN_ABOUT_RETURN_TYPE = YES_ERROR;
				GCC_WARN_UNDECLARED_SELECTOR = YES;
				GCC_WARN_UNINITIALIZED_AUTOS = YES_AGGRESSIVE;
				GCC_WARN_UNUSED_FUNCTION = YES;
				GCC_WARN_UNUSED_VARIABLE = YES;
				IPHONEOS_DEPLOYMENT_TARGET = 14.4;
				MTL_ENABLE_DEBUG_INFO = INCLUDE_SOURCE;
				MTL_FAST_MATH = YES;
				ONLY_ACTIVE_ARCH = YES;
				SDKROOT = iphoneos;
				SWIFT_ACTIVE_COMPILATION_CONDITIONS = DEBUG;
				SWIFT_OPTIMIZATION_LEVEL = "-Onone";
			};
			name = Debug;
		};
		7124B63E27664CF7008A2C0D /* Release */ = {
			isa = XCBuildConfiguration;
			buildSettings = {
				ALWAYS_SEARCH_USER_PATHS = NO;
				CLANG_ANALYZER_NONNULL = YES;
				CLANG_ANALYZER_NUMBER_OBJECT_CONVERSION = YES_AGGRESSIVE;
				CLANG_CXX_LANGUAGE_STANDARD = "gnu++14";
				CLANG_CXX_LIBRARY = "libc++";
				CLANG_ENABLE_MODULES = YES;
				CLANG_ENABLE_OBJC_ARC = YES;
				CLANG_ENABLE_OBJC_WEAK = YES;
				CLANG_WARN_BLOCK_CAPTURE_AUTORELEASING = YES;
				CLANG_WARN_BOOL_CONVERSION = YES;
				CLANG_WARN_COMMA = YES;
				CLANG_WARN_CONSTANT_CONVERSION = YES;
				CLANG_WARN_DEPRECATED_OBJC_IMPLEMENTATIONS = YES;
				CLANG_WARN_DIRECT_OBJC_ISA_USAGE = YES_ERROR;
				CLANG_WARN_DOCUMENTATION_COMMENTS = YES;
				CLANG_WARN_EMPTY_BODY = YES;
				CLANG_WARN_ENUM_CONVERSION = YES;
				CLANG_WARN_INFINITE_RECURSION = YES;
				CLANG_WARN_INT_CONVERSION = YES;
				CLANG_WARN_NON_LITERAL_NULL_CONVERSION = YES;
				CLANG_WARN_OBJC_IMPLICIT_RETAIN_SELF = YES;
				CLANG_WARN_OBJC_LITERAL_CONVERSION = YES;
				CLANG_WARN_OBJC_ROOT_CLASS = YES_ERROR;
				CLANG_WARN_QUOTED_INCLUDE_IN_FRAMEWORK_HEADER = YES;
				CLANG_WARN_RANGE_LOOP_ANALYSIS = YES;
				CLANG_WARN_STRICT_PROTOTYPES = YES;
				CLANG_WARN_SUSPICIOUS_MOVE = YES;
				CLANG_WARN_UNGUARDED_AVAILABILITY = YES_AGGRESSIVE;
				CLANG_WARN_UNREACHABLE_CODE = YES;
				CLANG_WARN__DUPLICATE_METHOD_MATCH = YES;
				COPY_PHASE_STRIP = NO;
				DEBUG_INFORMATION_FORMAT = "dwarf-with-dsym";
				ENABLE_NS_ASSERTIONS = NO;
				ENABLE_STRICT_OBJC_MSGSEND = YES;
				GCC_C_LANGUAGE_STANDARD = gnu11;
				GCC_NO_COMMON_BLOCKS = YES;
				GCC_WARN_64_TO_32_BIT_CONVERSION = YES;
				GCC_WARN_ABOUT_RETURN_TYPE = YES_ERROR;
				GCC_WARN_UNDECLARED_SELECTOR = YES;
				GCC_WARN_UNINITIALIZED_AUTOS = YES_AGGRESSIVE;
				GCC_WARN_UNUSED_FUNCTION = YES;
				GCC_WARN_UNUSED_VARIABLE = YES;
				IPHONEOS_DEPLOYMENT_TARGET = 14.4;
				MTL_ENABLE_DEBUG_INFO = NO;
				MTL_FAST_MATH = YES;
				SDKROOT = iphoneos;
				SWIFT_COMPILATION_MODE = wholemodule;
				SWIFT_OPTIMIZATION_LEVEL = "-O";
				VALIDATE_PRODUCT = YES;
			};
			name = Release;
		};
		7124B64027664CF7008A2C0D /* Debug */ = {
			isa = XCBuildConfiguration;
			buildSettings = {
				ASSETCATALOG_COMPILER_APPICON_NAME = AppIcon;
				ASSETCATALOG_COMPILER_GLOBAL_ACCENT_COLOR_NAME = AccentColor;
				CODE_SIGN_STYLE = Automatic;
				INFOPLIST_FILE = "Isadora-Santos_COMP2125_FinalTerm_Ex-01/Info.plist";
				LD_RUNPATH_SEARCH_PATHS = (
					"$(inherited)",
					"@executable_path/Frameworks",
				);
				PRODUCT_BUNDLE_IDENTIFIER = "COMP2125.Isadora-Santos-COMP2125-FinalTerm-Ex-01";
				PRODUCT_NAME = "$(TARGET_NAME)";
				SWIFT_VERSION = 5.0;
				TARGETED_DEVICE_FAMILY = "1,2";
			};
			name = Debug;
		};
		7124B64127664CF7008A2C0D /* Release */ = {
			isa = XCBuildConfiguration;
			buildSettings = {
				ASSETCATALOG_COMPILER_APPICON_NAME = AppIcon;
				ASSETCATALOG_COMPILER_GLOBAL_ACCENT_COLOR_NAME = AccentColor;
				CODE_SIGN_STYLE = Automatic;
				INFOPLIST_FILE = "Isadora-Santos_COMP2125_FinalTerm_Ex-01/Info.plist";
				LD_RUNPATH_SEARCH_PATHS = (
					"$(inherited)",
					"@executable_path/Frameworks",
				);
				PRODUCT_BUNDLE_IDENTIFIER = "COMP2125.Isadora-Santos-COMP2125-FinalTerm-Ex-01";
				PRODUCT_NAME = "$(TARGET_NAME)";
				SWIFT_VERSION = 5.0;
				TARGETED_DEVICE_FAMILY = "1,2";
			};
			name = Release;
		};
/* End XCBuildConfiguration section */

/* Begin XCConfigurationList section */
		7124B62627664CF6008A2C0D /* Build configuration list for PBXProject "Isadora-Santos_COMP2125_FinalTerm_Ex-01" */ = {
			isa = XCConfigurationList;
			buildConfigurations = (
				7124B63D27664CF7008A2C0D /* Debug */,
				7124B63E27664CF7008A2C0D /* Release */,
			);
			defaultConfigurationIsVisible = 0;
			defaultConfigurationName = Release;
		};
		7124B63F27664CF7008A2C0D /* Build configuration list for PBXNativeTarget "Isadora-Santos_COMP2125_FinalTerm_Ex-01" */ = {
			isa = XCConfigurationList;
			buildConfigurations = (
				7124B64027664CF7008A2C0D /* Debug */,
				7124B64127664CF7008A2C0D /* Release */,
			);
			defaultConfigurationIsVisible = 0;
			defaultConfigurationName = Release;
		};
/* End XCConfigurationList section */
	};
	rootObject = 7124B62327664CF6008A2C0D /* Project object */;
}
